{
    "_readme": [
        "This file locks the dependencies of your project to a known state",
        "Read more about it at https://getcomposer.org/doc/01-basic-usage.md#composer-lock-the-lock-file",
        "This file is @generated automatically"
    ],
    "content-hash": "3cc71c8c828908f29945a53c5b353f7a",
    "packages": [
        {
            "name": "aura/router",
            "version": "3.1.0",
            "source": {
                "type": "git",
                "url": "https://github.com/auraphp/Aura.Router.git",
                "reference": "52507bc813c92511dbcacc7463f163ef5149ad38"
            },
            "dist": {
                "type": "zip",
                "url": "https://api.github.com/repos/auraphp/Aura.Router/zipball/52507bc813c92511dbcacc7463f163ef5149ad38",
                "reference": "52507bc813c92511dbcacc7463f163ef5149ad38",
                "shasum": ""
            },
            "require": {
                "php": ">=5.5.0",
                "psr/http-message": "~1.0",
                "psr/log": "~1.0"
            },
            "require-dev": {
                "phpunit/phpunit": "~5.7 || ~4.8",
                "zendframework/zend-diactoros": "~1.0"
            },
            "type": "library",
            "autoload": {
                "psr-4": {
                    "Aura\\Router\\": "src/"
                }
            },
            "notification-url": "https://packagist.org/downloads/",
            "license": [
                "MIT"
            ],
            "authors": [
                {
                    "name": "Aura.Router Contributors",
                    "homepage": "https://github.com/auraphp/Aura.Router/contributors"
                }
            ],
            "description": "Powerful, flexible web routing for PSR-7 requests.",
            "homepage": "https://github.com/auraphp/Aura.Router",
            "keywords": [
                "psr-7",
                "route",
                "router",
                "routing"
            ],
            "time": "2017-03-02T16:34:47+00:00"
        },
        {
            "name": "container-interop/container-interop",
            "version": "1.2.0",
            "source": {
                "type": "git",
                "url": "https://github.com/container-interop/container-interop.git",
                "reference": "79cbf1341c22ec75643d841642dd5d6acd83bdb8"
            },
            "dist": {
                "type": "zip",
                "url": "https://api.github.com/repos/container-interop/container-interop/zipball/79cbf1341c22ec75643d841642dd5d6acd83bdb8",
                "reference": "79cbf1341c22ec75643d841642dd5d6acd83bdb8",
                "shasum": ""
            },
            "require": {
                "psr/container": "^1.0"
            },
            "type": "library",
            "autoload": {
                "psr-4": {
                    "Interop\\Container\\": "src/Interop/Container/"
                }
            },
            "notification-url": "https://packagist.org/downloads/",
            "license": [
                "MIT"
            ],
            "description": "Promoting the interoperability of container objects (DIC, SL, etc.)",
            "homepage": "https://github.com/container-interop/container-interop",
            "time": "2017-02-14T19:40:03+00:00"
        },
        {
            "name": "doctrine/cache",
            "version": "v1.6.1",
            "source": {
                "type": "git",
                "url": "https://github.com/doctrine/cache.git",
                "reference": "b6f544a20f4807e81f7044d31e679ccbb1866dc3"
            },
            "dist": {
                "type": "zip",
                "url": "https://api.github.com/repos/doctrine/cache/zipball/b6f544a20f4807e81f7044d31e679ccbb1866dc3",
                "reference": "b6f544a20f4807e81f7044d31e679ccbb1866dc3",
                "shasum": ""
            },
            "require": {
                "php": "~5.5|~7.0"
            },
            "conflict": {
                "doctrine/common": ">2.2,<2.4"
            },
            "require-dev": {
                "phpunit/phpunit": "~4.8|~5.0",
                "predis/predis": "~1.0",
                "satooshi/php-coveralls": "~0.6"
            },
            "type": "library",
            "extra": {
                "branch-alias": {
                    "dev-master": "1.6.x-dev"
                }
            },
            "autoload": {
                "psr-4": {
                    "Doctrine\\Common\\Cache\\": "lib/Doctrine/Common/Cache"
                }
            },
            "notification-url": "https://packagist.org/downloads/",
            "license": [
                "MIT"
            ],
            "authors": [
                {
                    "name": "Roman Borschel",
                    "email": "roman@code-factory.org"
                },
                {
                    "name": "Benjamin Eberlei",
                    "email": "kontakt@beberlei.de"
                },
                {
                    "name": "Guilherme Blanco",
                    "email": "guilhermeblanco@gmail.com"
                },
                {
                    "name": "Jonathan Wage",
                    "email": "jonwage@gmail.com"
                },
                {
                    "name": "Johannes Schmitt",
                    "email": "schmittjoh@gmail.com"
                }
            ],
            "description": "Caching library offering an object-oriented API for many cache backends",
            "homepage": "http://www.doctrine-project.org",
            "keywords": [
                "cache",
                "caching"
            ],
            "time": "2016-10-29T11:16:17+00:00"
        },
        {
            "name": "filp/whoops",
            "version": "2.1.8",
            "source": {
                "type": "git",
                "url": "https://github.com/filp/whoops.git",
                "reference": "f2950be7da8b8d6c4e77821b6c9d486e36cdc4f3"
            },
            "dist": {
                "type": "zip",
                "url": "https://api.github.com/repos/filp/whoops/zipball/f2950be7da8b8d6c4e77821b6c9d486e36cdc4f3",
                "reference": "f2950be7da8b8d6c4e77821b6c9d486e36cdc4f3",
                "shasum": ""
            },
            "require": {
                "php": "^5.5.9 || ^7.0",
                "psr/log": "^1.0.1"
            },
            "require-dev": {
                "mockery/mockery": "0.9.*",
                "phpunit/phpunit": "^4.8 || ^5.0",
                "symfony/var-dumper": "^2.6 || ^3.0"
            },
            "suggest": {
                "symfony/var-dumper": "Pretty print complex values better with var-dumper available",
                "whoops/soap": "Formats errors as SOAP responses"
            },
            "type": "library",
            "extra": {
                "branch-alias": {
                    "dev-master": "2.0-dev"
                }
            },
            "autoload": {
                "psr-4": {
                    "Whoops\\": "src/Whoops/"
                }
            },
            "notification-url": "https://packagist.org/downloads/",
            "license": [
                "MIT"
            ],
            "authors": [
                {
                    "name": "Filipe Dobreira",
                    "homepage": "https://github.com/filp",
                    "role": "Developer"
                }
            ],
            "description": "php error handling for cool kids",
            "homepage": "https://filp.github.io/whoops/",
            "keywords": [
                "error",
                "exception",
                "handling",
                "library",
                "whoops",
                "zf2"
            ],
            "time": "2017-03-07T09:04:45+00:00"
        },
        {
            "name": "mindplay/composer-locator",
            "version": "2.1.1",
            "source": {
                "type": "git",
                "url": "https://github.com/mindplay-dk/composer-locator.git",
                "reference": "24c960f014904c35ce89b77fc4118903c34b3fe6"
            },
            "dist": {
                "type": "zip",
                "url": "https://api.github.com/repos/mindplay-dk/composer-locator/zipball/24c960f014904c35ce89b77fc4118903c34b3fe6",
                "reference": "24c960f014904c35ce89b77fc4118903c34b3fe6",
                "shasum": ""
            },
            "require": {
                "composer-plugin-api": "^1",
                "php": ">= 5.4"
            },
            "require-dev": {
                "composer/composer": "^1"
            },
            "type": "composer-plugin",
            "extra": {
                "class": "mindplay\\composer_locator\\Plugin"
            },
            "autoload": {
                "classmap": [
                    "src/ComposerLocator.php",
                    "src/Plugin.php"
                ]
            },
            "notification-url": "https://packagist.org/downloads/",
            "license": [
                "MIT"
            ],
            "description": "Locates Composer package root folders by package name",
            "time": "2016-06-07T14:40:59+00:00"
        },
        {
            "name": "mnapoli/silly",
            "version": "1.5.1",
            "source": {
                "type": "git",
                "url": "https://github.com/mnapoli/silly.git",
                "reference": "807df4a844972ac74d07518c3a0aa9cb575b470b"
            },
            "dist": {
                "type": "zip",
                "url": "https://api.github.com/repos/mnapoli/silly/zipball/807df4a844972ac74d07518c3a0aa9cb575b470b",
                "reference": "807df4a844972ac74d07518c3a0aa9cb575b470b",
                "shasum": ""
            },
            "require": {
                "container-interop/container-interop": "~1.0",
                "php": ">=5.5",
                "php-di/invoker": "~1.2",
                "symfony/console": "~2.6|~3.0"
            },
            "require-dev": {
                "mnapoli/phpunit-easymock": "~0.1.0",
                "phpunit/phpunit": "~4.5"
            },
            "type": "library",
            "autoload": {
                "psr-4": {
                    "Silly\\": "src/"
                }
            },
            "notification-url": "https://packagist.org/downloads/",
            "license": [
                "MIT"
            ],
            "description": "Silly CLI micro-framework based on Symfony Console",
            "keywords": [
                "cli",
                "console",
                "framework",
                "micro-framework",
                "silly"
            ],
            "time": "2016-09-16T11:44:03+00:00"
        },
        {
            "name": "php-di/invoker",
            "version": "1.3.3",
            "source": {
                "type": "git",
                "url": "https://github.com/PHP-DI/Invoker.git",
                "reference": "1f4ca63b9abc66109e53b255e465d0ddb5c2e3f7"
            },
            "dist": {
                "type": "zip",
                "url": "https://api.github.com/repos/PHP-DI/Invoker/zipball/1f4ca63b9abc66109e53b255e465d0ddb5c2e3f7",
                "reference": "1f4ca63b9abc66109e53b255e465d0ddb5c2e3f7",
                "shasum": ""
            },
            "require": {
                "container-interop/container-interop": "~1.1"
            },
            "require-dev": {
                "athletic/athletic": "~0.1.8",
                "phpunit/phpunit": "~4.5"
            },
            "type": "library",
            "autoload": {
                "psr-4": {
                    "Invoker\\": "src/"
                }
            },
            "notification-url": "https://packagist.org/downloads/",
            "license": [
                "MIT"
            ],
            "description": "Generic and extensible callable invoker",
            "homepage": "https://github.com/PHP-DI/Invoker",
            "keywords": [
                "callable",
                "dependency",
                "dependency-injection",
                "injection",
                "invoke",
                "invoker"
            ],
            "time": "2016-07-14T13:09:58+00:00"
        },
        {
            "name": "php-di/kernel",
            "version": "0.3.0",
            "source": {
                "type": "git",
                "url": "https://github.com/PHP-DI/Kernel.git",
                "reference": "377cac948aec2cd31a244444bb9401fe4eb94a91"
            },
            "dist": {
                "type": "zip",
                "url": "https://api.github.com/repos/PHP-DI/Kernel/zipball/377cac948aec2cd31a244444bb9401fe4eb94a91",
                "reference": "377cac948aec2cd31a244444bb9401fe4eb94a91",
                "shasum": ""
            },
            "require": {
                "doctrine/cache": "^1.6",
                "mindplay/composer-locator": "^2.1.1",
                "php": "^7.0",
                "php-di/php-di": "^5.4"
            },
            "require-dev": {
                "phpunit/phpunit": "^5.7"
            },
            "type": "library",
            "autoload": {
                "psr-4": {
                    "DI\\Kernel\\": "src/"
                }
            },
            "notification-url": "https://packagist.org/downloads/",
            "license": [
                "MIT"
            ],
            "description": "Kernel for PHP-DI applications",
            "homepage": "http://php-di.org",
            "keywords": [
                "application",
                "kernel",
                "php-di"
            ],
            "time": "2017-04-08T22:22:10+00:00"
        },
        {
            "name": "php-di/php-di",
            "version": "5.4.2",
            "source": {
                "type": "git",
                "url": "https://github.com/PHP-DI/PHP-DI.git",
                "reference": "bbe2ed4b48e5b832436bf50928c30af8aedf61f8"
            },
            "dist": {
                "type": "zip",
                "url": "https://api.github.com/repos/PHP-DI/PHP-DI/zipball/bbe2ed4b48e5b832436bf50928c30af8aedf61f8",
                "reference": "bbe2ed4b48e5b832436bf50928c30af8aedf61f8",
                "shasum": ""
            },
            "require": {
                "container-interop/container-interop": "~1.2",
                "php": ">=5.5.0",
                "php-di/invoker": "^1.3.2",
                "php-di/phpdoc-reader": "^2.0.1",
                "psr/container": "~1.0"
            },
            "provide": {
                "container-interop/container-interop-implementation": "^1.0",
                "psr/container-implementation": "^1.0"
            },
            "replace": {
                "mnapoli/php-di": "*"
            },
            "require-dev": {
                "doctrine/annotations": "~1.2",
                "doctrine/cache": "~1.4",
                "mnapoli/phpunit-easymock": "~0.2.0",
                "ocramius/proxy-manager": "~1.0|~2.0",
                "phpunit/phpunit": "~4.5"
            },
            "suggest": {
                "doctrine/annotations": "Install it if you want to use annotations (version ~1.2)",
                "doctrine/cache": "Install it if you want to use the cache (version ~1.4)",
                "ocramius/proxy-manager": "Install it if you want to use lazy injection (version ~1.0 or ~2.0)"
            },
            "type": "library",
            "autoload": {
                "psr-4": {
                    "DI\\": "src/DI/"
                },
                "files": [
                    "src/DI/functions.php"
                ]
            },
            "notification-url": "https://packagist.org/downloads/",
            "license": [
                "MIT"
            ],
            "description": "The dependency injection container for humans",
            "homepage": "http://php-di.org/",
            "keywords": [
                "container",
                "dependency injection",
                "di"
            ],
            "time": "2017-03-27T19:30:46+00:00"
        },
        {
            "name": "php-di/phpdoc-reader",
            "version": "2.0.1",
            "source": {
                "type": "git",
                "url": "https://github.com/PHP-DI/PhpDocReader.git",
                "reference": "83f5ead159defccfa8e7092e5b6c1c533b326d68"
            },
            "dist": {
                "type": "zip",
                "url": "https://api.github.com/repos/PHP-DI/PhpDocReader/zipball/83f5ead159defccfa8e7092e5b6c1c533b326d68",
                "reference": "83f5ead159defccfa8e7092e5b6c1c533b326d68",
                "shasum": ""
            },
            "require": {
                "php": ">=5.3.0"
            },
            "require-dev": {
                "phpunit/phpunit": "~4.6"
            },
            "type": "library",
            "autoload": {
                "psr-4": {
                    "PhpDocReader\\": "src/PhpDocReader"
                }
            },
            "notification-url": "https://packagist.org/downloads/",
            "license": [
                "MIT"
            ],
            "description": "PhpDocReader parses @var and @param values in PHP docblocks (supports namespaced class names with the same resolution rules as PHP)",
            "keywords": [
                "phpdoc",
                "reflection"
            ],
            "time": "2015-11-29T10:34:25+00:00"
        },
        {
            "name": "psr/container",
            "version": "1.0.0",
            "source": {
                "type": "git",
                "url": "https://github.com/php-fig/container.git",
                "reference": "b7ce3b176482dbbc1245ebf52b181af44c2cf55f"
            },
            "dist": {
                "type": "zip",
                "url": "https://api.github.com/repos/php-fig/container/zipball/b7ce3b176482dbbc1245ebf52b181af44c2cf55f",
                "reference": "b7ce3b176482dbbc1245ebf52b181af44c2cf55f",
                "shasum": ""
            },
            "require": {
                "php": ">=5.3.0"
            },
            "type": "library",
            "extra": {
                "branch-alias": {
                    "dev-master": "1.0.x-dev"
                }
            },
            "autoload": {
                "psr-4": {
                    "Psr\\Container\\": "src/"
                }
            },
            "notification-url": "https://packagist.org/downloads/",
            "license": [
                "MIT"
            ],
            "authors": [
                {
                    "name": "PHP-FIG",
                    "homepage": "http://www.php-fig.org/"
                }
            ],
            "description": "Common Container Interface (PHP FIG PSR-11)",
            "homepage": "https://github.com/php-fig/container",
            "keywords": [
                "PSR-11",
                "container",
                "container-interface",
                "container-interop",
                "psr"
            ],
            "time": "2017-02-14T16:28:37+00:00"
        },
        {
            "name": "psr/http-message",
            "version": "1.0.1",
            "source": {
                "type": "git",
                "url": "https://github.com/php-fig/http-message.git",
                "reference": "f6561bf28d520154e4b0ec72be95418abe6d9363"
            },
            "dist": {
                "type": "zip",
                "url": "https://api.github.com/repos/php-fig/http-message/zipball/f6561bf28d520154e4b0ec72be95418abe6d9363",
                "reference": "f6561bf28d520154e4b0ec72be95418abe6d9363",
                "shasum": ""
            },
            "require": {
                "php": ">=5.3.0"
            },
            "type": "library",
            "extra": {
                "branch-alias": {
                    "dev-master": "1.0.x-dev"
                }
            },
            "autoload": {
                "psr-4": {
                    "Psr\\Http\\Message\\": "src/"
                }
            },
            "notification-url": "https://packagist.org/downloads/",
            "license": [
                "MIT"
            ],
            "authors": [
                {
                    "name": "PHP-FIG",
                    "homepage": "http://www.php-fig.org/"
                }
            ],
            "description": "Common interface for HTTP messages",
            "homepage": "https://github.com/php-fig/http-message",
            "keywords": [
                "http",
                "http-message",
                "psr",
                "psr-7",
                "request",
                "response"
            ],
            "time": "2016-08-06T14:39:51+00:00"
        },
        {
            "name": "psr/log",
            "version": "1.0.2",
            "source": {
                "type": "git",
                "url": "https://github.com/php-fig/log.git",
                "reference": "4ebe3a8bf773a19edfe0a84b6585ba3d401b724d"
            },
            "dist": {
                "type": "zip",
                "url": "https://api.github.com/repos/php-fig/log/zipball/4ebe3a8bf773a19edfe0a84b6585ba3d401b724d",
                "reference": "4ebe3a8bf773a19edfe0a84b6585ba3d401b724d",
                "shasum": ""
            },
            "require": {
                "php": ">=5.3.0"
            },
            "type": "library",
            "extra": {
                "branch-alias": {
                    "dev-master": "1.0.x-dev"
                }
            },
            "autoload": {
                "psr-4": {
                    "Psr\\Log\\": "Psr/Log/"
                }
            },
            "notification-url": "https://packagist.org/downloads/",
            "license": [
                "MIT"
            ],
            "authors": [
                {
                    "name": "PHP-FIG",
                    "homepage": "http://www.php-fig.org/"
                }
            ],
            "description": "Common interface for logging libraries",
            "homepage": "https://github.com/php-fig/log",
            "keywords": [
                "log",
                "psr",
                "psr-3"
            ],
            "time": "2016-10-10T12:19:37+00:00"
        },
        {
            "name": "stratify/error-handler-module",
            "version": "0.3.0",
            "source": {
                "type": "git",
                "url": "https://github.com/stratifyphp/error-handler-module.git",
                "reference": "ad8c22fae443d8bfa289dd200bcd1f46af13481b"
            },
            "dist": {
                "type": "zip",
                "url": "https://api.github.com/repos/stratifyphp/error-handler-module/zipball/ad8c22fae443d8bfa289dd200bcd1f46af13481b",
                "reference": "ad8c22fae443d8bfa289dd200bcd1f46af13481b",
                "shasum": ""
            },
            "require": {
                "container-interop/container-interop": "^1.1",
                "filp/whoops": "^2.0",
                "psr/http-message": "^1.0",
                "psr/log": "^1.0",
                "stratify/http": "^0.4.0"
            },
            "require-dev": {
                "php-di/php-di": "^5.2",
                "phpunit/phpunit": "^5.2",
                "zendframework/zend-diactoros": "^1.3"
            },
            "type": "library",
            "autoload": {
                "psr-4": {
                    "Stratify\\ErrorHandlerModule\\": "src/"
                }
            },
            "notification-url": "https://packagist.org/downloads/",
            "license": [
                "MIT"
            ],
            "description": "Error handler module for Stratify",
            "time": "2016-08-20T10:11:17+00:00"
        },
        {
            "name": "stratify/framework",
            "version": "0.6.0",
            "source": {
                "type": "git",
                "url": "https://github.com/stratifyphp/framework.git",
                "reference": "6221fc29d0fd5812db1cad3eb8fb297a1a9bff34"
            },
            "dist": {
                "type": "zip",
                "url": "https://api.github.com/repos/stratifyphp/framework/zipball/6221fc29d0fd5812db1cad3eb8fb297a1a9bff34",
                "reference": "6221fc29d0fd5812db1cad3eb8fb297a1a9bff34",
                "shasum": ""
            },
            "require": {
                "mnapoli/silly": "^1.2",
                "php": ">=7.0",
                "php-di/kernel": "~0.3.0",
                "php-di/php-di": "^5.4.2",
                "stratify/error-handler-module": "~0.3.0",
                "stratify/http": "~0.4.0",
                "stratify/router": "~0.4.0"
            },
            "require-dev": {
                "phpunit/phpunit": "^5.1",
                "symfony/filesystem": "^3.0"
            },
            "type": "library",
            "autoload": {
                "psr-4": {
                    "Stratify\\Framework\\": "src"
                },
                "files": [
                    "src/functions.php"
                ]
            },
            "notification-url": "https://packagist.org/downloads/",
            "license": [
                "MIT"
            ],
            "description": "Stratify framework package",
            "time": "2017-04-09T15:53:47+00:00"
        },
        {
            "name": "stratify/http",
            "version": "0.4.0",
            "source": {
                "type": "git",
                "url": "https://github.com/stratifyphp/http.git",
                "reference": "0c418e157356e76e65c61091ebbec916a997d9fe"
            },
            "dist": {
                "type": "zip",
                "url": "https://api.github.com/repos/stratifyphp/http/zipball/0c418e157356e76e65c61091ebbec916a997d9fe",
                "reference": "0c418e157356e76e65c61091ebbec916a997d9fe",
                "shasum": ""
            },
            "require": {
                "zendframework/zend-diactoros": "^1.3.5"
            },
            "require-dev": {
                "phpunit/phpunit": "^5.5"
            },
            "type": "library",
            "autoload": {
                "psr-4": {
                    "Stratify\\Http\\": "src"
                }
            },
            "notification-url": "https://packagist.org/downloads/",
            "license": [
                "MIT"
            ],
            "time": "2016-08-20T09:39:39+00:00"
        },
        {
            "name": "stratify/router",
            "version": "0.4.1",
            "source": {
                "type": "git",
                "url": "https://github.com/stratifyphp/router.git",
                "reference": "1e6d7c1ec1d5571fcffe12aa6fc14dfd68ab24ce"
            },
            "dist": {
                "type": "zip",
                "url": "https://api.github.com/repos/stratifyphp/router/zipball/1e6d7c1ec1d5571fcffe12aa6fc14dfd68ab24ce",
                "reference": "1e6d7c1ec1d5571fcffe12aa6fc14dfd68ab24ce",
                "shasum": ""
            },
            "require": {
                "aura/router": "^3.0",
                "container-interop/container-interop": "^1.1",
                "php-di/invoker": "^1.2",
                "psr/http-message": "^1.0",
                "stratify/http": "~0.4.0"
            },
            "require-dev": {
                "phpunit/phpunit": "^5.1"
            },
            "type": "library",
            "autoload": {
                "psr-4": {
                    "Stratify\\Router\\": "src/"
                },
                "files": [
                    "src/functions.php"
                ]
            },
            "notification-url": "https://packagist.org/downloads/",
            "license": [
                "MIT"
            ],
            "time": "2016-10-26T06:56:36+00:00"
        },
        {
            "name": "stratify/twig-module",
            "version": "0.2.0",
            "source": {
                "type": "git",
                "url": "https://github.com/stratifyphp/twig-module.git",
                "reference": "71178681498ddd0ce47f63e1174ad6418a14ded3"
            },
            "dist": {
                "type": "zip",
                "url": "https://api.github.com/repos/stratifyphp/twig-module/zipball/71178681498ddd0ce47f63e1174ad6418a14ded3",
                "reference": "71178681498ddd0ce47f63e1174ad6418a14ded3",
                "shasum": ""
            },
            "require": {
                "php-di/php-di": "^5.4.2",
                "stratify/router": "~0.4.0",
                "twig/twig": "^1.21"
            },
            "require-dev": {
                "phpunit/phpunit": "^5.4.0"
            },
            "type": "library",
            "autoload": {
                "psr-4": {
                    "Stratify\\TwigModule\\": "src/"
                }
            },
            "notification-url": "https://packagist.org/downloads/",
            "license": [
                "MIT"
            ],
            "description": "Twig module for Stratify",
            "time": "2017-04-09T15:45:55+00:00"
        },
        {
            "name": "symfony/console",
            "version": "v3.2.7",
            "source": {
                "type": "git",
                "url": "https://github.com/symfony/console.git",
                "reference": "c30243cc51f726812be3551316b109a2f5deaf8d"
            },
            "dist": {
                "type": "zip",
                "url": "https://api.github.com/repos/symfony/console/zipball/c30243cc51f726812be3551316b109a2f5deaf8d",
                "reference": "c30243cc51f726812be3551316b109a2f5deaf8d",
                "shasum": ""
            },
            "require": {
                "php": ">=5.5.9",
                "symfony/debug": "~2.8|~3.0",
                "symfony/polyfill-mbstring": "~1.0"
            },
            "require-dev": {
                "psr/log": "~1.0",
                "symfony/event-dispatcher": "~2.8|~3.0",
                "symfony/filesystem": "~2.8|~3.0",
                "symfony/process": "~2.8|~3.0"
            },
            "suggest": {
                "psr/log": "For using the console logger",
                "symfony/event-dispatcher": "",
                "symfony/filesystem": "",
                "symfony/process": ""
            },
            "type": "library",
            "extra": {
                "branch-alias": {
                    "dev-master": "3.2-dev"
                }
            },
            "autoload": {
                "psr-4": {
                    "Symfony\\Component\\Console\\": ""
                },
                "exclude-from-classmap": [
                    "/Tests/"
                ]
            },
            "notification-url": "https://packagist.org/downloads/",
            "license": [
                "MIT"
            ],
            "authors": [
                {
                    "name": "Fabien Potencier",
                    "email": "fabien@symfony.com"
                },
                {
                    "name": "Symfony Community",
                    "homepage": "https://symfony.com/contributors"
                }
            ],
            "description": "Symfony Console Component",
            "homepage": "https://symfony.com",
            "time": "2017-04-04T14:33:42+00:00"
        },
        {
            "name": "symfony/debug",
            "version": "v3.2.7",
            "source": {
                "type": "git",
                "url": "https://github.com/symfony/debug.git",
                "reference": "56f613406446a4a0a031475cfd0a01751de22659"
            },
            "dist": {
                "type": "zip",
                "url": "https://api.github.com/repos/symfony/debug/zipball/56f613406446a4a0a031475cfd0a01751de22659",
                "reference": "56f613406446a4a0a031475cfd0a01751de22659",
                "shasum": ""
            },
            "require": {
                "php": ">=5.5.9",
                "psr/log": "~1.0"
            },
            "conflict": {
                "symfony/http-kernel": ">=2.3,<2.3.24|~2.4.0|>=2.5,<2.5.9|>=2.6,<2.6.2"
            },
            "require-dev": {
                "symfony/class-loader": "~2.8|~3.0",
                "symfony/http-kernel": "~2.8|~3.0"
            },
            "type": "library",
            "extra": {
                "branch-alias": {
                    "dev-master": "3.2-dev"
                }
            },
            "autoload": {
                "psr-4": {
                    "Symfony\\Component\\Debug\\": ""
                },
                "exclude-from-classmap": [
                    "/Tests/"
                ]
            },
            "notification-url": "https://packagist.org/downloads/",
            "license": [
                "MIT"
            ],
            "authors": [
                {
                    "name": "Fabien Potencier",
                    "email": "fabien@symfony.com"
                },
                {
                    "name": "Symfony Community",
                    "homepage": "https://symfony.com/contributors"
                }
            ],
            "description": "Symfony Debug Component",
            "homepage": "https://symfony.com",
            "time": "2017-03-28T21:38:24+00:00"
        },
        {
            "name": "symfony/polyfill-mbstring",
            "version": "v1.3.0",
            "source": {
                "type": "git",
                "url": "https://github.com/symfony/polyfill-mbstring.git",
                "reference": "e79d363049d1c2128f133a2667e4f4190904f7f4"
            },
            "dist": {
                "type": "zip",
                "url": "https://api.github.com/repos/symfony/polyfill-mbstring/zipball/e79d363049d1c2128f133a2667e4f4190904f7f4",
                "reference": "e79d363049d1c2128f133a2667e4f4190904f7f4",
                "shasum": ""
            },
            "require": {
                "php": ">=5.3.3"
            },
            "suggest": {
                "ext-mbstring": "For best performance"
            },
            "type": "library",
            "extra": {
                "branch-alias": {
                    "dev-master": "1.3-dev"
                }
            },
            "autoload": {
                "psr-4": {
                    "Symfony\\Polyfill\\Mbstring\\": ""
                },
                "files": [
                    "bootstrap.php"
                ]
            },
            "notification-url": "https://packagist.org/downloads/",
            "license": [
                "MIT"
            ],
            "authors": [
                {
                    "name": "Nicolas Grekas",
                    "email": "p@tchwork.com"
                },
                {
                    "name": "Symfony Community",
                    "homepage": "https://symfony.com/contributors"
                }
            ],
            "description": "Symfony polyfill for the Mbstring extension",
            "homepage": "https://symfony.com",
            "keywords": [
                "compatibility",
                "mbstring",
                "polyfill",
                "portable",
                "shim"
            ],
            "time": "2016-11-14T01:06:16+00:00"
        },
        {
            "name": "twig/twig",
            "version": "v1.33.0",
            "source": {
                "type": "git",
                "url": "https://github.com/twigphp/Twig.git",
                "reference": "05cf49921b13f6f01d3cfdf9018cfa7a8086fd5a"
            },
            "dist": {
                "type": "zip",
                "url": "https://api.github.com/repos/twigphp/Twig/zipball/05cf49921b13f6f01d3cfdf9018cfa7a8086fd5a",
                "reference": "05cf49921b13f6f01d3cfdf9018cfa7a8086fd5a",
                "shasum": ""
            },
            "require": {
                "php": ">=5.2.7"
            },
            "require-dev": {
                "psr/container": "^1.0",
                "symfony/debug": "~2.7",
                "symfony/phpunit-bridge": "~3.3@dev"
            },
            "type": "library",
            "extra": {
                "branch-alias": {
                    "dev-master": "1.33-dev"
                }
            },
            "autoload": {
                "psr-0": {
                    "Twig_": "lib/"
                }
            },
            "notification-url": "https://packagist.org/downloads/",
            "license": [
                "BSD-3-Clause"
            ],
            "authors": [
                {
                    "name": "Fabien Potencier",
                    "email": "fabien@symfony.com",
                    "homepage": "http://fabien.potencier.org",
                    "role": "Lead Developer"
                },
                {
                    "name": "Armin Ronacher",
                    "email": "armin.ronacher@active-4.com",
                    "role": "Project Founder"
                },
                {
                    "name": "Twig Team",
                    "homepage": "http://twig.sensiolabs.org/contributors",
                    "role": "Contributors"
                }
            ],
            "description": "Twig, the flexible, fast, and secure template language for PHP",
            "homepage": "http://twig.sensiolabs.org",
            "keywords": [
                "templating"
            ],
            "time": "2017-03-22T15:40:09+00:00"
        },
        {
            "name": "zendframework/zend-diactoros",
            "version": "1.4.0",
            "source": {
                "type": "git",
                "url": "https://github.com/zendframework/zend-diactoros.git",
                "reference": "b03f285a333f51e58c95cce54109a4a9ed691436"
            },
            "dist": {
                "type": "zip",
                "url": "https://api.github.com/repos/zendframework/zend-diactoros/zipball/b03f285a333f51e58c95cce54109a4a9ed691436",
                "reference": "b03f285a333f51e58c95cce54109a4a9ed691436",
                "shasum": ""
            },
            "require": {
                "php": "^5.4 || ^7.0",
                "psr/http-message": "~1.0"
            },
            "provide": {
                "psr/http-message-implementation": "1.0"
            },
            "require-dev": {
                "ext-dom": "*",
                "ext-libxml": "*",
                "phpunit/phpunit": "^4.6 || ^5.5",
                "zendframework/zend-coding-standard": "~1.0.0"
            },
            "type": "library",
            "extra": {
                "branch-alias": {
                    "dev-master": "1.4-dev",
                    "dev-develop": "1.5-dev"
                }
            },
            "autoload": {
                "psr-4": {
                    "Zend\\Diactoros\\": "src/"
                }
            },
            "notification-url": "https://packagist.org/downloads/",
            "license": [
                "BSD-2-Clause"
            ],
            "description": "PSR HTTP Message implementations",
            "homepage": "https://github.com/zendframework/zend-diactoros",
            "keywords": [
                "http",
                "psr",
                "psr-7"
            ],
            "time": "2017-04-06T16:18:34+00:00"
        }
    ],
    "packages-dev": [],
    "aliases": [],
    "minimum-stability": "stable",
    "stability-flags": [],
    "prefer-stable": false,
    "prefer-lowest": false,
    "platform": [],
    "platform-dev": []
}
